
Microsoft Visual Studio Solution File, Format Version 12.00
# Visual Studio Version 17
VisualStudioVersion = 17.4.33110.190
MinimumVisualStudioVersion = 10.0.40219.1
Project("{FAE04EC0-301F-11D3-BF4B-00C04F79EFBC}") = "Practice 4 ~ 14.02.2024", "Practice 4 ~ 14.02.2024\Practice 4 ~ 14.02.2024.csproj", "{E94014EE-3222-433D-B2D2-66D2CD63BA62}"
EndProject
Global
	GlobalSection(SolutionConfigurationPlatforms) = preSolution
		Debug|Any CPU = Debug|Any CPU
		Release|Any CPU = Release|Any CPU
	EndGlobalSection
	GlobalSection(ProjectConfigurationPlatforms) = postSolution
		{E94014EE-3222-433D-B2D2-66D2CD63BA62}.Debug|Any CPU.ActiveCfg = Debug|Any CPU
		{E94014EE-3222-433D-B2D2-66D2CD63BA62}.Debug|Any CPU.Build.0 = Debug|Any CPU
		{E94014EE-3222-433D-B2D2-66D2CD63BA62}.Release|Any CPU.ActiveCfg = Release|Any CPU
		{E94014EE-3222-433D-B2D2-66D2CD63BA62}.Release|Any CPU.Build.0 = Release|Any CPU
	EndGlobalSection
	GlobalSection(SolutionProperties) = preSolution
		HideSolutionNode = FALSE
	EndGlobalSection
	GlobalSection(ExtensibilityGlobals) = postSolution
		SolutionGuid = {CAAE907E-6C40-47C7-8483-82F62AB01D78}
	EndGlobalSection
EndGlobal
