
Microsoft Visual Studio Solution File, Format Version 12.00
# Visual Studio Version 17
VisualStudioVersion = 17.4.33110.190
MinimumVisualStudioVersion = 10.0.40219.1
Project("{FAE04EC0-301F-11D3-BF4B-00C04F79EFBC}") = "Практическая номер 5", "Практическая номер 5\Практическая номер 5.csproj", "{51C249A9-9E02-4AED-A5B1-CEFC4232D43B}"
EndProject
Global
	GlobalSection(SolutionConfigurationPlatforms) = preSolution
		Debug|Any CPU = Debug|Any CPU
		Release|Any CPU = Release|Any CPU
	EndGlobalSection
	GlobalSection(ProjectConfigurationPlatforms) = postSolution
		{51C249A9-9E02-4AED-A5B1-CEFC4232D43B}.Debug|Any CPU.ActiveCfg = Debug|Any CPU
		{51C249A9-9E02-4AED-A5B1-CEFC4232D43B}.Debug|Any CPU.Build.0 = Debug|Any CPU
		{51C249A9-9E02-4AED-A5B1-CEFC4232D43B}.Release|Any CPU.ActiveCfg = Release|Any CPU
		{51C249A9-9E02-4AED-A5B1-CEFC4232D43B}.Release|Any CPU.Build.0 = Release|Any CPU
	EndGlobalSection
	GlobalSection(SolutionProperties) = preSolution
		HideSolutionNode = FALSE
	EndGlobalSection
	GlobalSection(ExtensibilityGlobals) = postSolution
		SolutionGuid = {C0C78BA7-0619-4F18-A7F4-708926006DA0}
	EndGlobalSection
EndGlobal
